
Microsoft Visual Studio Solution File, Format Version 12.00
# Visual Studio 14
VisualStudioVersion = 14.0.25420.1
MinimumVisualStudioVersion = 10.0.40219.1
Project("{FAE04EC0-301F-11D3-BF4B-00C04F79EFBC}") = "Dataspill", "Dataspill\Dataspill.csproj", "{52DCFEC6-8D86-4EB7-87E9-ED8DFE84C5EE}"
EndProject
Project("{2150E333-8FDC-42A3-9474-1A3956D46DE8}") = "Solution Items", "Solution Items", "{4F0684E1-7A01-4120-9C57-D787145FD14F}"
	ProjectSection(SolutionItems) = preProject
		Class1.cs = Class1.cs
		Class2.cs = Class2.cs
	EndProjectSection
EndProject
Global
	GlobalSection(SolutionConfigurationPlatforms) = preSolution
		Debug|Any CPU = Debug|Any CPU
		Release|Any CPU = Release|Any CPU
	EndGlobalSection
	GlobalSection(ProjectConfigurationPlatforms) = postSolution
		{52DCFEC6-8D86-4EB7-87E9-ED8DFE84C5EE}.Debug|Any CPU.ActiveCfg = Debug|Any CPU
		{52DCFEC6-8D86-4EB7-87E9-ED8DFE84C5EE}.Debug|Any CPU.Build.0 = Debug|Any CPU
		{52DCFEC6-8D86-4EB7-87E9-ED8DFE84C5EE}.Release|Any CPU.ActiveCfg = Release|Any CPU
		{52DCFEC6-8D86-4EB7-87E9-ED8DFE84C5EE}.Release|Any CPU.Build.0 = Release|Any CPU
	EndGlobalSection
	GlobalSection(SolutionProperties) = preSolution
		HideSolutionNode = FALSE
	EndGlobalSection
EndGlobal
